
Microsoft Visual Studio Solution File, Format Version 12.00
# Visual Studio Version 17
VisualStudioVersion = 17.10.35013.160
MinimumVisualStudioVersion = 10.0.40219.1
Project("{FAE04EC0-301F-11D3-BF4B-00C04F79EFBC}") = "PoligonosEstrellados", "PoligonosEstrellados\PoligonosEstrellados.csproj", "{165F3FB0-F774-4188-B489-E9A6E1B7403C}"
EndProject
Global
	GlobalSection(SolutionConfigurationPlatforms) = preSolution
		Debug|Any CPU = Debug|Any CPU
		Release|Any CPU = Release|Any CPU
	EndGlobalSection
	GlobalSection(ProjectConfigurationPlatforms) = postSolution
		{165F3FB0-F774-4188-B489-E9A6E1B7403C}.Debug|Any CPU.ActiveCfg = Debug|Any CPU
		{165F3FB0-F774-4188-B489-E9A6E1B7403C}.Debug|Any CPU.Build.0 = Debug|Any CPU
		{165F3FB0-F774-4188-B489-E9A6E1B7403C}.Release|Any CPU.ActiveCfg = Release|Any CPU
		{165F3FB0-F774-4188-B489-E9A6E1B7403C}.Release|Any CPU.Build.0 = Release|Any CPU
	EndGlobalSection
	GlobalSection(SolutionProperties) = preSolution
		HideSolutionNode = FALSE
	EndGlobalSection
	GlobalSection(ExtensibilityGlobals) = postSolution
		SolutionGuid = {4E0425A2-D8EE-4576-ABAE-0134FF87C489}
	EndGlobalSection
EndGlobal
