
Microsoft Visual Studio Solution File, Format Version 12.00
# Visual Studio Version 17
VisualStudioVersion = 17.10.35013.160
MinimumVisualStudioVersion = 10.0.40219.1
Project("{FAE04EC0-301F-11D3-BF4B-00C04F79EFBC}") = "curvas_beizer", "curvas_beizer.csproj", "{FA41750A-B16E-46AF-A91E-37D9CF1780C7}"
EndProject
Global
	GlobalSection(SolutionConfigurationPlatforms) = preSolution
		Debug|Any CPU = Debug|Any CPU
		Release|Any CPU = Release|Any CPU
	EndGlobalSection
	GlobalSection(ProjectConfigurationPlatforms) = postSolution
		{FA41750A-B16E-46AF-A91E-37D9CF1780C7}.Debug|Any CPU.ActiveCfg = Debug|Any CPU
		{FA41750A-B16E-46AF-A91E-37D9CF1780C7}.Debug|Any CPU.Build.0 = Debug|Any CPU
		{FA41750A-B16E-46AF-A91E-37D9CF1780C7}.Release|Any CPU.ActiveCfg = Release|Any CPU
		{FA41750A-B16E-46AF-A91E-37D9CF1780C7}.Release|Any CPU.Build.0 = Release|Any CPU
	EndGlobalSection
	GlobalSection(SolutionProperties) = preSolution
		HideSolutionNode = FALSE
	EndGlobalSection
	GlobalSection(ExtensibilityGlobals) = postSolution
		SolutionGuid = {2B648FC0-3411-46F5-9815-9F8D8BE71BF3}
	EndGlobalSection
EndGlobal
