
Microsoft Visual Studio Solution File, Format Version 12.00
# Visual Studio Version 16
VisualStudioVersion = 16.0.31702.278
MinimumVisualStudioVersion = 10.0.40219.1
Project("{8BC9CEB8-8B4A-11D0-8D11-00A0C91BC942}") = "Impar o Par", "Impar o Par.vcxproj", "{1C21D261-9EE6-4594-8C22-35C1CFC6C20C}"
EndProject
Global
	GlobalSection(SolutionConfigurationPlatforms) = preSolution
		Debug|x64 = Debug|x64
		Debug|x86 = Debug|x86
		Release|x64 = Release|x64
		Release|x86 = Release|x86
	EndGlobalSection
	GlobalSection(ProjectConfigurationPlatforms) = postSolution
		{1C21D261-9EE6-4594-8C22-35C1CFC6C20C}.Debug|x64.ActiveCfg = Debug|x64
		{1C21D261-9EE6-4594-8C22-35C1CFC6C20C}.Debug|x64.Build.0 = Debug|x64
		{1C21D261-9EE6-4594-8C22-35C1CFC6C20C}.Debug|x86.ActiveCfg = Debug|Win32
		{1C21D261-9EE6-4594-8C22-35C1CFC6C20C}.Debug|x86.Build.0 = Debug|Win32
		{1C21D261-9EE6-4594-8C22-35C1CFC6C20C}.Release|x64.ActiveCfg = Release|x64
		{1C21D261-9EE6-4594-8C22-35C1CFC6C20C}.Release|x64.Build.0 = Release|x64
		{1C21D261-9EE6-4594-8C22-35C1CFC6C20C}.Release|x86.ActiveCfg = Release|Win32
		{1C21D261-9EE6-4594-8C22-35C1CFC6C20C}.Release|x86.Build.0 = Release|Win32
	EndGlobalSection
	GlobalSection(SolutionProperties) = preSolution
		HideSolutionNode = FALSE
	EndGlobalSection
	GlobalSection(ExtensibilityGlobals) = postSolution
		SolutionGuid = {6A2CD914-7C4A-42E4-92A1-D8D5964341EE}
	EndGlobalSection
EndGlobal
