
Microsoft Visual Studio Solution File, Format Version 12.00
# Visual Studio Version 17
VisualStudioVersion = 17.9.34902.65
MinimumVisualStudioVersion = 10.0.40219.1
Project("{FAE04EC0-301F-11D3-BF4B-00C04F79EFBC}") = "ProyectoParcial1", "ProyectoParcial1\ProyectoParcial1.csproj", "{DE104396-5A24-43DA-A90C-3FCE2A9B0910}"
EndProject
Global
	GlobalSection(SolutionConfigurationPlatforms) = preSolution
		Debug|Any CPU = Debug|Any CPU
		Release|Any CPU = Release|Any CPU
	EndGlobalSection
	GlobalSection(ProjectConfigurationPlatforms) = postSolution
		{DE104396-5A24-43DA-A90C-3FCE2A9B0910}.Debug|Any CPU.ActiveCfg = Debug|Any CPU
		{DE104396-5A24-43DA-A90C-3FCE2A9B0910}.Debug|Any CPU.Build.0 = Debug|Any CPU
		{DE104396-5A24-43DA-A90C-3FCE2A9B0910}.Release|Any CPU.ActiveCfg = Release|Any CPU
		{DE104396-5A24-43DA-A90C-3FCE2A9B0910}.Release|Any CPU.Build.0 = Release|Any CPU
	EndGlobalSection
	GlobalSection(SolutionProperties) = preSolution
		HideSolutionNode = FALSE
	EndGlobalSection
	GlobalSection(ExtensibilityGlobals) = postSolution
		SolutionGuid = {F90E2228-7842-486D-881B-370CF7CF3773}
	EndGlobalSection
EndGlobal
