
Microsoft Visual Studio Solution File, Format Version 12.00
# Visual Studio Version 16
VisualStudioVersion = 16.0.31702.278
MinimumVisualStudioVersion = 10.0.40219.1
Project("{8BC9CEB8-8B4A-11D0-8D11-00A0C91BC942}") = "Promedio de N Alumnos", "Promedio de N Alumnos.vcxproj", "{1F9F8A04-3C5B-4B72-A958-97D4DB95FF24}"
EndProject
Global
	GlobalSection(SolutionConfigurationPlatforms) = preSolution
		Debug|x64 = Debug|x64
		Debug|x86 = Debug|x86
		Release|x64 = Release|x64
		Release|x86 = Release|x86
	EndGlobalSection
	GlobalSection(ProjectConfigurationPlatforms) = postSolution
		{1F9F8A04-3C5B-4B72-A958-97D4DB95FF24}.Debug|x64.ActiveCfg = Debug|x64
		{1F9F8A04-3C5B-4B72-A958-97D4DB95FF24}.Debug|x64.Build.0 = Debug|x64
		{1F9F8A04-3C5B-4B72-A958-97D4DB95FF24}.Debug|x86.ActiveCfg = Debug|Win32
		{1F9F8A04-3C5B-4B72-A958-97D4DB95FF24}.Debug|x86.Build.0 = Debug|Win32
		{1F9F8A04-3C5B-4B72-A958-97D4DB95FF24}.Release|x64.ActiveCfg = Release|x64
		{1F9F8A04-3C5B-4B72-A958-97D4DB95FF24}.Release|x64.Build.0 = Release|x64
		{1F9F8A04-3C5B-4B72-A958-97D4DB95FF24}.Release|x86.ActiveCfg = Release|Win32
		{1F9F8A04-3C5B-4B72-A958-97D4DB95FF24}.Release|x86.Build.0 = Release|Win32
	EndGlobalSection
	GlobalSection(SolutionProperties) = preSolution
		HideSolutionNode = FALSE
	EndGlobalSection
	GlobalSection(ExtensibilityGlobals) = postSolution
		SolutionGuid = {56FAC4EA-3F1E-418D-A9D5-2545E33E1620}
	EndGlobalSection
EndGlobal
