
Microsoft Visual Studio Solution File, Format Version 12.00
# Visual Studio Version 17
VisualStudioVersion = 17.9.34902.65
MinimumVisualStudioVersion = 10.0.40219.1
Project("{FAE04EC0-301F-11D3-BF4B-00C04F79EFBC}") = "PanalDeAbejas", "PanalDeAbejas\PanalDeAbejas.csproj", "{D7D82B17-259F-4406-A5F7-FB27052A2A1C}"
EndProject
Global
	GlobalSection(SolutionConfigurationPlatforms) = preSolution
		Debug|Any CPU = Debug|Any CPU
		Release|Any CPU = Release|Any CPU
	EndGlobalSection
	GlobalSection(ProjectConfigurationPlatforms) = postSolution
		{D7D82B17-259F-4406-A5F7-FB27052A2A1C}.Debug|Any CPU.ActiveCfg = Debug|Any CPU
		{D7D82B17-259F-4406-A5F7-FB27052A2A1C}.Debug|Any CPU.Build.0 = Debug|Any CPU
		{D7D82B17-259F-4406-A5F7-FB27052A2A1C}.Release|Any CPU.ActiveCfg = Release|Any CPU
		{D7D82B17-259F-4406-A5F7-FB27052A2A1C}.Release|Any CPU.Build.0 = Release|Any CPU
	EndGlobalSection
	GlobalSection(SolutionProperties) = preSolution
		HideSolutionNode = FALSE
	EndGlobalSection
	GlobalSection(ExtensibilityGlobals) = postSolution
		SolutionGuid = {DC066D38-F510-4674-8720-42B5E9C8A942}
	EndGlobalSection
EndGlobal
