
Microsoft Visual Studio Solution File, Format Version 12.00
# Visual Studio Version 17
VisualStudioVersion = 17.9.34902.65
MinimumVisualStudioVersion = 10.0.40219.1
Project("{FAE04EC0-301F-11D3-BF4B-00C04F79EFBC}") = "DibujarGeometricas", "DibujarGeometricas\DibujarGeometricas.csproj", "{83E174EF-B662-4E87-AA3B-BBE98C96422A}"
EndProject
Global
	GlobalSection(SolutionConfigurationPlatforms) = preSolution
		Debug|Any CPU = Debug|Any CPU
		Release|Any CPU = Release|Any CPU
	EndGlobalSection
	GlobalSection(ProjectConfigurationPlatforms) = postSolution
		{83E174EF-B662-4E87-AA3B-BBE98C96422A}.Debug|Any CPU.ActiveCfg = Debug|Any CPU
		{83E174EF-B662-4E87-AA3B-BBE98C96422A}.Debug|Any CPU.Build.0 = Debug|Any CPU
		{83E174EF-B662-4E87-AA3B-BBE98C96422A}.Release|Any CPU.ActiveCfg = Release|Any CPU
		{83E174EF-B662-4E87-AA3B-BBE98C96422A}.Release|Any CPU.Build.0 = Release|Any CPU
	EndGlobalSection
	GlobalSection(SolutionProperties) = preSolution
		HideSolutionNode = FALSE
	EndGlobalSection
	GlobalSection(ExtensibilityGlobals) = postSolution
		SolutionGuid = {D8931AEC-91DE-49C8-9BD6-F8E4EDC31F43}
	EndGlobalSection
EndGlobal
