
Microsoft Visual Studio Solution File, Format Version 12.00
# Visual Studio Version 17
VisualStudioVersion = 17.10.35013.160
MinimumVisualStudioVersion = 10.0.40219.1
Project("{8BC9CEB8-8B4A-11D0-8D11-00A0C91BC942}") = "LeibnizSecuencial", "LeibnizSecuencial\LeibnizSecuencial.vcxproj", "{009E14E2-38EF-434A-9495-7C585DE4D9E0}"
EndProject
Global
	GlobalSection(SolutionConfigurationPlatforms) = preSolution
		Debug|x64 = Debug|x64
		Debug|x86 = Debug|x86
		Release|x64 = Release|x64
		Release|x86 = Release|x86
	EndGlobalSection
	GlobalSection(ProjectConfigurationPlatforms) = postSolution
		{009E14E2-38EF-434A-9495-7C585DE4D9E0}.Debug|x64.ActiveCfg = Debug|x64
		{009E14E2-38EF-434A-9495-7C585DE4D9E0}.Debug|x64.Build.0 = Debug|x64
		{009E14E2-38EF-434A-9495-7C585DE4D9E0}.Debug|x86.ActiveCfg = Debug|Win32
		{009E14E2-38EF-434A-9495-7C585DE4D9E0}.Debug|x86.Build.0 = Debug|Win32
		{009E14E2-38EF-434A-9495-7C585DE4D9E0}.Release|x64.ActiveCfg = Release|x64
		{009E14E2-38EF-434A-9495-7C585DE4D9E0}.Release|x64.Build.0 = Release|x64
		{009E14E2-38EF-434A-9495-7C585DE4D9E0}.Release|x86.ActiveCfg = Release|Win32
		{009E14E2-38EF-434A-9495-7C585DE4D9E0}.Release|x86.Build.0 = Release|Win32
	EndGlobalSection
	GlobalSection(SolutionProperties) = preSolution
		HideSolutionNode = FALSE
	EndGlobalSection
	GlobalSection(ExtensibilityGlobals) = postSolution
		SolutionGuid = {0B54F916-EFBD-416B-918A-A64F52300F00}
	EndGlobalSection
EndGlobal
